
Microsoft Visual Studio Solution File, Format Version 12.00
# Visual Studio 15
VisualStudioVersion = 15.0.28307.438
MinimumVisualStudioVersion = 10.0.40219.1
Project("{FAE04EC0-301F-11D3-BF4B-00C04F79EFBC}") = "Solution1", "Solution1\Solution1.csproj", "{1247EA55-B562-42C1-A4EE-2C0E6E8A9B14}"
EndProject
Project("{FAE04EC0-301F-11D3-BF4B-00C04F79EFBC}") = "Solution2", "Solution2\Solution2.csproj", "{CDA270E3-19DA-48D6-8C10-312825982484}"
EndProject
Project("{FAE04EC0-301F-11D3-BF4B-00C04F79EFBC}") = "Solution3", "Solution3\Solution3.csproj", "{16006011-0AD1-455C-A6C4-6B90199E51BC}"
EndProject
Global
	GlobalSection(SolutionConfigurationPlatforms) = preSolution
		Debug|Any CPU = Debug|Any CPU
		Release|Any CPU = Release|Any CPU
	EndGlobalSection
	GlobalSection(ProjectConfigurationPlatforms) = postSolution
		{1247EA55-B562-42C1-A4EE-2C0E6E8A9B14}.Debug|Any CPU.ActiveCfg = Debug|Any CPU
		{1247EA55-B562-42C1-A4EE-2C0E6E8A9B14}.Debug|Any CPU.Build.0 = Debug|Any CPU
		{1247EA55-B562-42C1-A4EE-2C0E6E8A9B14}.Release|Any CPU.ActiveCfg = Release|Any CPU
		{1247EA55-B562-42C1-A4EE-2C0E6E8A9B14}.Release|Any CPU.Build.0 = Release|Any CPU
		{CDA270E3-19DA-48D6-8C10-312825982484}.Debug|Any CPU.ActiveCfg = Debug|Any CPU
		{CDA270E3-19DA-48D6-8C10-312825982484}.Debug|Any CPU.Build.0 = Debug|Any CPU
		{CDA270E3-19DA-48D6-8C10-312825982484}.Release|Any CPU.ActiveCfg = Release|Any CPU
		{CDA270E3-19DA-48D6-8C10-312825982484}.Release|Any CPU.Build.0 = Release|Any CPU
		{16006011-0AD1-455C-A6C4-6B90199E51BC}.Debug|Any CPU.ActiveCfg = Debug|Any CPU
		{16006011-0AD1-455C-A6C4-6B90199E51BC}.Debug|Any CPU.Build.0 = Debug|Any CPU
		{16006011-0AD1-455C-A6C4-6B90199E51BC}.Release|Any CPU.ActiveCfg = Release|Any CPU
		{16006011-0AD1-455C-A6C4-6B90199E51BC}.Release|Any CPU.Build.0 = Release|Any CPU
	EndGlobalSection
	GlobalSection(SolutionProperties) = preSolution
		HideSolutionNode = FALSE
	EndGlobalSection
	GlobalSection(ExtensibilityGlobals) = postSolution
		SolutionGuid = {32A30A73-DE6C-42FB-BF8E-4ADA5D912FB3}
	EndGlobalSection
EndGlobal
